
Microsoft Visual Studio Solution File, Format Version 12.00
# Visual Studio 15
VisualStudioVersion = 15.0.26730.12
MinimumVisualStudioVersion = 10.0.40219.1
Project("{FAE04EC0-301F-11D3-BF4B-00C04F79EFBC}") = "DSA2", "DSA2\DSA2.csproj", "{C9D51670-8AD1-4147-96D0-1FA12C281111}"
EndProject
Global
	GlobalSection(SolutionConfigurationPlatforms) = preSolution
		Debug|Any CPU = Debug|Any CPU
		Release|Any CPU = Release|Any CPU
	EndGlobalSection
	GlobalSection(ProjectConfigurationPlatforms) = postSolution
		{C9D51670-8AD1-4147-96D0-1FA12C281111}.Debug|Any CPU.ActiveCfg = Debug|Any CPU
		{C9D51670-8AD1-4147-96D0-1FA12C281111}.Debug|Any CPU.Build.0 = Debug|Any CPU
		{C9D51670-8AD1-4147-96D0-1FA12C281111}.Release|Any CPU.ActiveCfg = Release|Any CPU
		{C9D51670-8AD1-4147-96D0-1FA12C281111}.Release|Any CPU.Build.0 = Release|Any CPU
	EndGlobalSection
	GlobalSection(SolutionProperties) = preSolution
		HideSolutionNode = FALSE
	EndGlobalSection
	GlobalSection(ExtensibilityGlobals) = postSolution
		SolutionGuid = {FD4176C9-79BF-4933-919C-64456B511ECF}
	EndGlobalSection
EndGlobal
